
Microsoft Visual Studio Solution File, Format Version 12.00
# Visual Studio Version 17
VisualStudioVersion = 17.11.35219.272
MinimumVisualStudioVersion = 10.0.40219.1
Project("{FAE04EC0-301F-11D3-BF4B-00C04F79EFBC}") = "Wordle", "Wordle\Wordle.csproj", "{51656531-6EC3-4631-8923-4C1FE4C4AF22}"
EndProject
Global
	GlobalSection(SolutionConfigurationPlatforms) = preSolution
		Debug|Any CPU = Debug|Any CPU
		Release|Any CPU = Release|Any CPU
	EndGlobalSection
	GlobalSection(ProjectConfigurationPlatforms) = postSolution
		{51656531-6EC3-4631-8923-4C1FE4C4AF22}.Debug|Any CPU.ActiveCfg = Debug|Any CPU
		{51656531-6EC3-4631-8923-4C1FE4C4AF22}.Debug|Any CPU.Build.0 = Debug|Any CPU
		{51656531-6EC3-4631-8923-4C1FE4C4AF22}.Release|Any CPU.ActiveCfg = Release|Any CPU
		{51656531-6EC3-4631-8923-4C1FE4C4AF22}.Release|Any CPU.Build.0 = Release|Any CPU
	EndGlobalSection
	GlobalSection(SolutionProperties) = preSolution
		HideSolutionNode = FALSE
	EndGlobalSection
	GlobalSection(ExtensibilityGlobals) = postSolution
		SolutionGuid = {6D1263A2-46F3-4300-AB1D-055E50208C48}
	EndGlobalSection
EndGlobal
